{
  "name": "coyotesin.space",
  "lockfileVersion": 3,
  "requires": true,
  "packages": {
    "": {
      "dependencies": {
        "bulma": "^0.9.4",
        "bulma-accordion": "^2.0.1",
        "squirrelly": "^9.0.0"
      }
    },
    "node_modules/bulma": {
      "version": "0.9.4",
      "resolved": "https://registry.npmjs.org/bulma/-/bulma-0.9.4.tgz",
      "integrity": "sha512-86FlT5+1GrsgKbPLRRY7cGDg8fsJiP/jzTqXXVqiUZZ2aZT8uemEOHlU1CDU+TxklPEZ11HZNNWclRBBecP4CQ=="
    },
    "node_modules/bulma-accordion": {
      "version": "2.0.1",
      "resolved": "https://registry.npmjs.org/bulma-accordion/-/bulma-accordion-2.0.1.tgz",
      "integrity": "sha512-qqLN67Y60c0adHAVvQmJTr6rhg0FWUCWbswFaW/3+offjc6ujqrUoIdlzX1avni4d/aJEl7j9PckfRGmIJcxxQ=="
    },
    "node_modules/squirrelly": {
      "version": "9.1.0",
      "resolved": "https://registry.npmjs.org/squirrelly/-/squirrelly-9.1.0.tgz",
      "integrity": "sha512-kvjFqb7qzC4gX4lkqSaU8QPvUHhDLMiDpxpz7a66vjTH0JtjLJqAXbPrc7ST61EefuuuW05sne2rjGskunrF2A==",
      "license": "MIT",
      "engines": {
        "node": ">=6.0.0"
      },
      "funding": {
        "url": "https://github.com/squirrellyjs/squirrelly?sponsor=1"
      }
    }
  }
}
