anyio==4.2.0
beautifulsoup4==4.12.3
blinker==1.7.0
certifi==2024.2.2
charset-normalizer==3.3.2
cssmin==0.2.0
docopt==0.6.2
docutils==0.20.1
exceptiongroup==1.2.0
feedgenerator==2.1.0
ghp-import==2.1.0
idna==3.6
importlib-metadata==7.0.1
invoke==2.2.0
Jinja2==3.1.2
jsmin==3.0.1
libsass==0.22.0
livereload==2.6.3
Markdown==3.6
markdown-it-py==3.0.0
markdown-toc==1.2.6
MarkupSafe==2.1.3
mdurl==0.1.2
minchin.pelican.plugins.autoloader==1.2.1
minchin.pelican.plugins.nojekyll==1.2.0
ordered-set==4.1.0
pelican==4.9.1
pelican-more-categories==0.1.0
pelican-series==3.0.0
pelican-webassets==2.0.0
pelimoji==1.1.1
pillow==10.2.0
Pygments==2.17.2
python-dateutil==2.8.2
pytz==2023.3.post1
requests==2.31.0
rich==13.7.0
semantic-version==2.10.0
six==1.16.0
sniffio==1.3.0
soupsieve==2.5
tornado==6.4
typing_extensions==4.9.0
tzdata==2023.4
Unidecode==1.3.7
urllib3==2.2.1
watchfiles==0.21.0
webassets==2.0
webmention-tools==0.4.1
zipp==3.17.0
